
Microsoft Visual Studio Solution File, Format Version 12.00
# Visual Studio Version 16
VisualStudioVersion = 16.0.30413.136
MinimumVisualStudioVersion = 10.0.40219.1
Project("{9A19103F-16F7-4668-BE54-9A1E7A4F7556}") = "DataEncryptor", "DataEncoder\DataEncryptor.csproj", "{4F16E426-5C6B-420D-A47A-0776C352163D}"
EndProject
Project("{FAE04EC0-301F-11D3-BF4B-00C04F79EFBC}") = "DataAccessLayer", "DataAccessLayer\DataAccessLayer.csproj", "{F8DD36B1-A6F1-493F-A72A-DB85383495FF}"
EndProject
Project("{FAE04EC0-301F-11D3-BF4B-00C04F79EFBC}") = "LOGIC", "LOGIC\LOGIC.csproj", "{17990D71-1ACD-41B0-9DCA-1F2F40ED89A5}"
EndProject
Project("{FAE04EC0-301F-11D3-BF4B-00C04F79EFBC}") = "StringGenerator", "StringGenerator\StringGenerator.csproj", "{3A9BB079-67FF-41DA-B870-A8590966E1C1}"
EndProject
Global
	GlobalSection(SolutionConfigurationPlatforms) = preSolution
		Debug|Any CPU = Debug|Any CPU
		Release|Any CPU = Release|Any CPU
	EndGlobalSection
	GlobalSection(ProjectConfigurationPlatforms) = postSolution
		{4F16E426-5C6B-420D-A47A-0776C352163D}.Debug|Any CPU.ActiveCfg = Debug|Any CPU
		{4F16E426-5C6B-420D-A47A-0776C352163D}.Debug|Any CPU.Build.0 = Debug|Any CPU
		{4F16E426-5C6B-420D-A47A-0776C352163D}.Release|Any CPU.ActiveCfg = Release|Any CPU
		{4F16E426-5C6B-420D-A47A-0776C352163D}.Release|Any CPU.Build.0 = Release|Any CPU
		{F8DD36B1-A6F1-493F-A72A-DB85383495FF}.Debug|Any CPU.ActiveCfg = Debug|Any CPU
		{F8DD36B1-A6F1-493F-A72A-DB85383495FF}.Debug|Any CPU.Build.0 = Debug|Any CPU
		{F8DD36B1-A6F1-493F-A72A-DB85383495FF}.Release|Any CPU.ActiveCfg = Release|Any CPU
		{F8DD36B1-A6F1-493F-A72A-DB85383495FF}.Release|Any CPU.Build.0 = Release|Any CPU
		{17990D71-1ACD-41B0-9DCA-1F2F40ED89A5}.Debug|Any CPU.ActiveCfg = Debug|Any CPU
		{17990D71-1ACD-41B0-9DCA-1F2F40ED89A5}.Debug|Any CPU.Build.0 = Debug|Any CPU
		{17990D71-1ACD-41B0-9DCA-1F2F40ED89A5}.Release|Any CPU.ActiveCfg = Release|Any CPU
		{17990D71-1ACD-41B0-9DCA-1F2F40ED89A5}.Release|Any CPU.Build.0 = Release|Any CPU
		{3A9BB079-67FF-41DA-B870-A8590966E1C1}.Debug|Any CPU.ActiveCfg = Debug|Any CPU
		{3A9BB079-67FF-41DA-B870-A8590966E1C1}.Debug|Any CPU.Build.0 = Debug|Any CPU
		{3A9BB079-67FF-41DA-B870-A8590966E1C1}.Release|Any CPU.ActiveCfg = Release|Any CPU
		{3A9BB079-67FF-41DA-B870-A8590966E1C1}.Release|Any CPU.Build.0 = Release|Any CPU
	EndGlobalSection
	GlobalSection(SolutionProperties) = preSolution
		HideSolutionNode = FALSE
	EndGlobalSection
	GlobalSection(ExtensibilityGlobals) = postSolution
		SolutionGuid = {2EF13E55-5A88-48B8-8D88-1F9FFB9AC5A0}
	EndGlobalSection
EndGlobal
